Microsoft Visual Studio Solution File, Format Version 12.00
# Visual Studio Version 17
VisualStudioVersion = 17.14.37516.0
MinimumVisualStudioVersion = 10.0.40219.1
Project("{FAE04EC0-301F-11D3-BF4B-00C04F79EFBC}") = "ScummVMLauncher", "launcher\ScummVMLauncher\ScummVMLauncher.csproj", "{08B91389-2438-4005-8D99-4B7ED72E2F70}"
EndProject
Global
	GlobalSection(SolutionConfigurationPlatforms) = preSolution
		Debug|x64 = Debug|x64
		Release|x64 = Release|x64
	EndGlobalSection
	GlobalSection(ProjectConfigurationPlatforms) = postSolution
		{08B91389-2438-4005-8D99-4B7ED72E2F70}.Debug|x64.ActiveCfg = Debug|x64
		{08B91389-2438-4005-8D99-4B7ED72E2F70}.Debug|x64.Build.0 = Debug|x64
		{08B91389-2438-4005-8D99-4B7ED72E2F70}.Debug|x64.Deploy.0 = Debug|x64
		{08B91389-2438-4005-8D99-4B7ED72E2F70}.Release|x64.ActiveCfg = Release|x64
		{08B91389-2438-4005-8D99-4B7ED72E2F70}.Release|x64.Build.0 = Release|x64
		{08B91389-2438-4005-8D99-4B7ED72E2F70}.Release|x64.Deploy.0 = Release|x64
	EndGlobalSection
	GlobalSection(SolutionProperties) = preSolution
		HideSolutionNode = FALSE
	EndGlobalSection
	GlobalSection(ExtensibilityGlobals) = postSolution
		SolutionGuid = {19ED36B0-5B3C-4E0A-A7F9-DCEF34D426FF}
	EndGlobalSection
EndGlobal
