<?xml version="1.0" encoding="utf-8"?>
<Project ToolsVersion="4.0" xmlns="http://schemas.microsoft.com/developer/msbuild/2003">
  <ItemGroup>
    <Filter Include="Common">
      <UniqueIdentifier>abb26a35-0344-4bea-b32d-f0bfde4535bd</UniqueIdentifier>
    </Filter>
    <Filter Include="Assets">
      <UniqueIdentifier>5040301e-eee6-4235-9ed1-269f2217f627</UniqueIdentifier>
      <Extensions>bmp;fbx;gif;jpg;jpeg;tga;tiff;tif;png</Extensions>
    </Filter>
	<Filter Include="Content">
      <UniqueIdentifier>fdf90630-9762-429c-a54b-cf229b39ce70</UniqueIdentifier>
    </Filter>
    <ClInclude Include="Common\DirectXHelper.h">
      <Filter>Common</Filter>
    </ClInclude>
	<ClInclude Include="Common\StepTimer.h">
      <Filter>Common</Filter>
    </ClInclude>
    <ClInclude Include="Common\DeviceResources.h">
      <Filter>Common</Filter>
    </ClInclude>
    <ClCompile Include="Common\DeviceResources.cpp">
      <Filter>Common</Filter>
    </ClCompile>
	<ClInclude Include="Content\Sample3DSceneRenderer.h">
      <Filter>Content</Filter>
    </ClInclude>
    <ClInclude Include="Content\SampleFpsTextRenderer.h">
      <Filter>Content</Filter>
    </ClInclude>
    <ClInclude Include="Content\ShaderStructures.h">
      <Filter>Content</Filter>
    </ClInclude>
    <ClInclude Include="Content\SdlInput.h">
      <Filter>Content</Filter>
    </ClInclude>
	<ClCompile Include="Content\Sample3DSceneRenderer.cpp">
      <Filter>Content</Filter>
    </ClCompile>
    <ClCompile Include="Content\SampleFpsTextRenderer.cpp">
      <Filter>Content</Filter>
    </ClCompile>
    <ClCompile Include="Content\SdlInput.cpp">
      <Filter>Content</Filter>
    </ClCompile>
    <ClInclude Include="Content\FrontendMenu.h">
      <Filter>Content</Filter>
    </ClInclude>
    <ClCompile Include="Content\FrontendMenu.cpp">
      <Filter>Content</Filter>
    </ClCompile>
    <ClInclude Include="Content\FileBrowser.h">
      <Filter>Content</Filter>
    </ClInclude>
    <ClCompile Include="Content\FileBrowser.cpp">
      <Filter>Content</Filter>
    </ClCompile>
    <ClInclude Include="Content\SettingsManager.h">
      <Filter>Content</Filter>
    </ClInclude>
    <ClCompile Include="Content\SettingsManager.cpp">
      <Filter>Content</Filter>
    </ClCompile>
    <ClInclude Include="Content\AboutDialog.h">
      <Filter>Content</Filter>
    </ClInclude>
    <ClCompile Include="Content\AboutDialog.cpp">
      <Filter>Content</Filter>
    </ClCompile>
    <ClInclude Include="Content\ConfirmDialog.h">
      <Filter>Content</Filter>
    </ClInclude>
    <ClCompile Include="Content\ConfirmDialog.cpp">
      <Filter>Content</Filter>
    </ClCompile>
	<FxCompile Include="Content\SamplePixelShader.hlsl">
      <Filter>Content</Filter>
    </FxCompile>
    <FxCompile Include="Content\SampleVertexShader.hlsl">
      <Filter>Content</Filter>
    </FxCompile>
    <ClInclude Include="LogHelper.h" />
    <ClCompile Include="LogHelper.cpp" />
    <Image Include="Assets\LockScreenLogo.scale-200.png">
      <Filter>Assets</Filter>
    </Image>
    <Image Include="Assets\SplashScreen.scale-200.png">
      <Filter>Assets</Filter>
    </Image>
    <Image Include="Assets\Square150x150Logo.scale-200.png">
      <Filter>Assets</Filter>
    </Image>
    <Image Include="Assets\Square44x44Logo.scale-200.png">
      <Filter>Assets</Filter>
    </Image>
    <Image Include="Assets\Square44x44Logo.targetsize-24_altform-unplated.png">
      <Filter>Assets</Filter>
    </Image>
    <Image Include="Assets\Wide310x150Logo.scale-200.png">
      <Filter>Assets</Filter>
    </Image>
    <Content Include="Assets\beep.wav">
      <Filter>Assets</Filter>
    </Content>
    <Content Include="Assets\logo.bmp">
      <Filter>Assets</Filter>
    </Content>
    <Content Include="Assets\EPA_logo.png">
      <Filter>Assets</Filter>
    </Content>
    <Content Include="Assets\fluentui-optical-disk-100.bmp">
      <Filter>Assets</Filter>
    </Content>
    <Content Include="Assets\Fonts\VCR_OSD_MONO_1.001.ttf">
      <Filter>Assets</Filter>
    </Content>
  </ItemGroup>
</Project>